
Microsoft Visual Studio Solution File, Format Version 12.00
# Visual Studio Version 16
VisualStudioVersion = 16.0.31729.503
MinimumVisualStudioVersion = 10.0.40219.1
Project("{9A19103F-16F7-4668-BE54-9A1E7A4F7556}") = "amir-apparel-demo-api-dotnet-5", "amir-apparel-demo-api-dotnet-5.csproj", "{48A9A60E-2092-4662-AAB9-918B359CADF9}"
EndProject
Project("{2150E333-8FDC-42A3-9474-1A3956D46DE8}") = "Solution Items", "Solution Items", "{FA2BC3A5-1B97-4775-BF76-48C441EC65DD}"
	ProjectSection(SolutionItems) = preProject
		.editorconfig = .editorconfig
	EndProjectSection
EndProject
Global
	GlobalSection(SolutionConfigurationPlatforms) = preSolution
		Debug|Any CPU = Debug|Any CPU
		Release|Any CPU = Release|Any CPU
	EndGlobalSection
	GlobalSection(ProjectConfigurationPlatforms) = postSolution
		{48A9A60E-2092-4662-AAB9-918B359CADF9}.Debug|Any CPU.ActiveCfg = Debug|Any CPU
		{48A9A60E-2092-4662-AAB9-918B359CADF9}.Debug|Any CPU.Build.0 = Debug|Any CPU
		{48A9A60E-2092-4662-AAB9-918B359CADF9}.Release|Any CPU.ActiveCfg = Release|Any CPU
		{48A9A60E-2092-4662-AAB9-918B359CADF9}.Release|Any CPU.Build.0 = Release|Any CPU
	EndGlobalSection
	GlobalSection(SolutionProperties) = preSolution
		HideSolutionNode = FALSE
	EndGlobalSection
	GlobalSection(ExtensibilityGlobals) = postSolution
		SolutionGuid = {DA8904A5-B462-4BE0-8671-BB3D3D90CA7F}
	EndGlobalSection
EndGlobal
